
Microsoft Visual Studio Solution File, Format Version 12.00
# Visual Studio Version 17
VisualStudioVersion = 17.11.35327.3
MinimumVisualStudioVersion = 10.0.40219.1
Project("{FAE04EC0-301F-11D3-BF4B-00C04F79EFBC}") = "Crematory", "Crematory\Crematory.csproj", "{2D00D6BC-ECF1-4B7B-9425-358655F1D381}"
EndProject
Global
	GlobalSection(SolutionConfigurationPlatforms) = preSolution
		Debug|Any CPU = Debug|Any CPU
		Release|Any CPU = Release|Any CPU
	EndGlobalSection
	GlobalSection(ProjectConfigurationPlatforms) = postSolution
		{2D00D6BC-ECF1-4B7B-9425-358655F1D381}.Debug|Any CPU.ActiveCfg = Debug|Any CPU
		{2D00D6BC-ECF1-4B7B-9425-358655F1D381}.Debug|Any CPU.Build.0 = Debug|Any CPU
		{2D00D6BC-ECF1-4B7B-9425-358655F1D381}.Release|Any CPU.ActiveCfg = Release|Any CPU
		{2D00D6BC-ECF1-4B7B-9425-358655F1D381}.Release|Any CPU.Build.0 = Release|Any CPU
	EndGlobalSection
	GlobalSection(SolutionProperties) = preSolution
		HideSolutionNode = FALSE
	EndGlobalSection
	GlobalSection(ExtensibilityGlobals) = postSolution
		SolutionGuid = {3EC087E0-3B1D-49EF-8594-C46895CC1833}
	EndGlobalSection
EndGlobal
